
Microsoft Visual Studio Solution File, Format Version 12.00
# Visual Studio 15
VisualStudioVersion = 15.0.28010.2041
MinimumVisualStudioVersion = 10.0.40219.1
Project("{FAE04EC0-301F-11D3-BF4B-00C04F79EFBC}") = "1_", "1_\1_.csproj", "{7998CCB6-5E1E-4240-90DC-67733FD0A3BC}"
EndProject
Project("{FAE04EC0-301F-11D3-BF4B-00C04F79EFBC}") = "2_", "2_\2_.csproj", "{496A37C5-C009-4AC9-812F-3FF3A3E715B7}"
EndProject
Project("{FAE04EC0-301F-11D3-BF4B-00C04F79EFBC}") = "3_", "3_\3_.csproj", "{472A93C4-88B5-4899-A822-AEC9DD6B0613}"
EndProject
Project("{FAE04EC0-301F-11D3-BF4B-00C04F79EFBC}") = "4_", "4_\4_.csproj", "{92848A56-8EFB-437E-A5B9-7EBB86E6DAC3}"
EndProject
Project("{FAE04EC0-301F-11D3-BF4B-00C04F79EFBC}") = "5_", "5_\5_.csproj", "{270C7CE7-56D3-4F91-8BAC-67DF21A739D1}"
EndProject
Project("{FAE04EC0-301F-11D3-BF4B-00C04F79EFBC}") = "6_", "6_\6_.csproj", "{77635310-560A-4F61-A79B-6BB2E537CDAD}"
EndProject
Project("{FAE04EC0-301F-11D3-BF4B-00C04F79EFBC}") = "7_", "7_\7_.csproj", "{1FFE80BF-01A0-43E8-A28E-EE61DCCAE840}"
EndProject
Project("{FAE04EC0-301F-11D3-BF4B-00C04F79EFBC}") = "8_", "8_\8_.csproj", "{6C60F7E6-605E-4F71-A5CD-F92D1EE05AB6}"
EndProject
Project("{FAE04EC0-301F-11D3-BF4B-00C04F79EFBC}") = "9_", "9_\9_.csproj", "{1AD84738-F356-477B-B65F-24DD10AA3C16}"
EndProject
Project("{FAE04EC0-301F-11D3-BF4B-00C04F79EFBC}") = "10_", "10_\10_.csproj", "{03DE32EE-C486-49F1-8FD8-2F17DCBAC46A}"
EndProject
Project("{FAE04EC0-301F-11D3-BF4B-00C04F79EFBC}") = "11_", "11_\11_.csproj", "{54D11123-F7F6-4FAD-BB02-9F87E1099C01}"
EndProject
Project("{FAE04EC0-301F-11D3-BF4B-00C04F79EFBC}") = "12_", "12_\12_.csproj", "{4F0B3044-8183-4D2E-96FC-2CF8EB06C2C0}"
EndProject
Project("{FAE04EC0-301F-11D3-BF4B-00C04F79EFBC}") = "13_", "13_\13_.csproj", "{DBB25DBC-F9D5-4394-8D81-F6115F1C9F58}"
EndProject
Project("{FAE04EC0-301F-11D3-BF4B-00C04F79EFBC}") = "14_", "14_\14_.csproj", "{50C916E9-492C-4387-BE42-C04A5FD0BAC8}"
EndProject
Project("{FAE04EC0-301F-11D3-BF4B-00C04F79EFBC}") = "15_", "15_\15_.csproj", "{F013B3D7-B6C2-49AE-A881-C60EAE846C62}"
EndProject
Project("{FAE04EC0-301F-11D3-BF4B-00C04F79EFBC}") = "16_", "16_\16_.csproj", "{35343C4E-9764-46F5-B6EA-8D881B753DDE}"
EndProject
Project("{FAE04EC0-301F-11D3-BF4B-00C04F79EFBC}") = "17_", "17_\17_.csproj", "{25820705-4A3D-4B29-A5FA-512E165B14CE}"
EndProject
Project("{FAE04EC0-301F-11D3-BF4B-00C04F79EFBC}") = "18_", "18_\18_.csproj", "{CB822282-BD6F-439A-A33E-ECB0D9A0FCE3}"
EndProject
Project("{FAE04EC0-301F-11D3-BF4B-00C04F79EFBC}") = "19_", "19_\19_.csproj", "{82652877-FD81-478F-B59E-B13AA4BDAA5B}"
EndProject
Project("{FAE04EC0-301F-11D3-BF4B-00C04F79EFBC}") = "20_", "20_\20_.csproj", "{FEC4DE53-8BF4-4F7E-8261-71FC45595EC4}"
EndProject
Project("{FAE04EC0-301F-11D3-BF4B-00C04F79EFBC}") = "21_", "21_\21_.csproj", "{707A20F0-BD79-410A-B9DE-BA27DF07E526}"
EndProject
Project("{FAE04EC0-301F-11D3-BF4B-00C04F79EFBC}") = "22_", "22_\22_.csproj", "{3C985427-7CA8-49EE-9E57-1CE6938882B9}"
EndProject
Project("{FAE04EC0-301F-11D3-BF4B-00C04F79EFBC}") = "23_", "23_\23_.csproj", "{FFEA4149-83C2-4BED-A1CE-7AF12E9B1948}"
EndProject
Global
	GlobalSection(SolutionConfigurationPlatforms) = preSolution
		Debug|Any CPU = Debug|Any CPU
		Release|Any CPU = Release|Any CPU
	EndGlobalSection
	GlobalSection(ProjectConfigurationPlatforms) = postSolution
		{7998CCB6-5E1E-4240-90DC-67733FD0A3BC}.Debug|Any CPU.ActiveCfg = Debug|Any CPU
		{7998CCB6-5E1E-4240-90DC-67733FD0A3BC}.Debug|Any CPU.Build.0 = Debug|Any CPU
		{7998CCB6-5E1E-4240-90DC-67733FD0A3BC}.Release|Any CPU.ActiveCfg = Release|Any CPU
		{7998CCB6-5E1E-4240-90DC-67733FD0A3BC}.Release|Any CPU.Build.0 = Release|Any CPU
		{496A37C5-C009-4AC9-812F-3FF3A3E715B7}.Debug|Any CPU.ActiveCfg = Debug|Any CPU
		{496A37C5-C009-4AC9-812F-3FF3A3E715B7}.Debug|Any CPU.Build.0 = Debug|Any CPU
		{496A37C5-C009-4AC9-812F-3FF3A3E715B7}.Release|Any CPU.ActiveCfg = Release|Any CPU
		{496A37C5-C009-4AC9-812F-3FF3A3E715B7}.Release|Any CPU.Build.0 = Release|Any CPU
		{472A93C4-88B5-4899-A822-AEC9DD6B0613}.Debug|Any CPU.ActiveCfg = Debug|Any CPU
		{472A93C4-88B5-4899-A822-AEC9DD6B0613}.Debug|Any CPU.Build.0 = Debug|Any CPU
		{472A93C4-88B5-4899-A822-AEC9DD6B0613}.Release|Any CPU.ActiveCfg = Release|Any CPU
		{472A93C4-88B5-4899-A822-AEC9DD6B0613}.Release|Any CPU.Build.0 = Release|Any CPU
		{92848A56-8EFB-437E-A5B9-7EBB86E6DAC3}.Debug|Any CPU.ActiveCfg = Debug|Any CPU
		{92848A56-8EFB-437E-A5B9-7EBB86E6DAC3}.Debug|Any CPU.Build.0 = Debug|Any CPU
		{92848A56-8EFB-437E-A5B9-7EBB86E6DAC3}.Release|Any CPU.ActiveCfg = Release|Any CPU
		{92848A56-8EFB-437E-A5B9-7EBB86E6DAC3}.Release|Any CPU.Build.0 = Release|Any CPU
		{270C7CE7-56D3-4F91-8BAC-67DF21A739D1}.Debug|Any CPU.ActiveCfg = Debug|Any CPU
		{270C7CE7-56D3-4F91-8BAC-67DF21A739D1}.Debug|Any CPU.Build.0 = Debug|Any CPU
		{270C7CE7-56D3-4F91-8BAC-67DF21A739D1}.Release|Any CPU.ActiveCfg = Release|Any CPU
		{270C7CE7-56D3-4F91-8BAC-67DF21A739D1}.Release|Any CPU.Build.0 = Release|Any CPU
		{77635310-560A-4F61-A79B-6BB2E537CDAD}.Debug|Any CPU.ActiveCfg = Debug|Any CPU
		{77635310-560A-4F61-A79B-6BB2E537CDAD}.Debug|Any CPU.Build.0 = Debug|Any CPU
		{77635310-560A-4F61-A79B-6BB2E537CDAD}.Release|Any CPU.ActiveCfg = Release|Any CPU
		{77635310-560A-4F61-A79B-6BB2E537CDAD}.Release|Any CPU.Build.0 = Release|Any CPU
		{1FFE80BF-01A0-43E8-A28E-EE61DCCAE840}.Debug|Any CPU.ActiveCfg = Debug|Any CPU
		{1FFE80BF-01A0-43E8-A28E-EE61DCCAE840}.Debug|Any CPU.Build.0 = Debug|Any CPU
		{1FFE80BF-01A0-43E8-A28E-EE61DCCAE840}.Release|Any CPU.ActiveCfg = Release|Any CPU
		{1FFE80BF-01A0-43E8-A28E-EE61DCCAE840}.Release|Any CPU.Build.0 = Release|Any CPU
		{6C60F7E6-605E-4F71-A5CD-F92D1EE05AB6}.Debug|Any CPU.ActiveCfg = Debug|Any CPU
		{6C60F7E6-605E-4F71-A5CD-F92D1EE05AB6}.Debug|Any CPU.Build.0 = Debug|Any CPU
		{6C60F7E6-605E-4F71-A5CD-F92D1EE05AB6}.Release|Any CPU.ActiveCfg = Release|Any CPU
		{6C60F7E6-605E-4F71-A5CD-F92D1EE05AB6}.Release|Any CPU.Build.0 = Release|Any CPU
		{1AD84738-F356-477B-B65F-24DD10AA3C16}.Debug|Any CPU.ActiveCfg = Debug|Any CPU
		{1AD84738-F356-477B-B65F-24DD10AA3C16}.Debug|Any CPU.Build.0 = Debug|Any CPU
		{1AD84738-F356-477B-B65F-24DD10AA3C16}.Release|Any CPU.ActiveCfg = Release|Any CPU
		{1AD84738-F356-477B-B65F-24DD10AA3C16}.Release|Any CPU.Build.0 = Release|Any CPU
		{03DE32EE-C486-49F1-8FD8-2F17DCBAC46A}.Debug|Any CPU.ActiveCfg = Debug|Any CPU
		{03DE32EE-C486-49F1-8FD8-2F17DCBAC46A}.Debug|Any CPU.Build.0 = Debug|Any CPU
		{03DE32EE-C486-49F1-8FD8-2F17DCBAC46A}.Release|Any CPU.ActiveCfg = Release|Any CPU
		{03DE32EE-C486-49F1-8FD8-2F17DCBAC46A}.Release|Any CPU.Build.0 = Release|Any CPU
		{54D11123-F7F6-4FAD-BB02-9F87E1099C01}.Debug|Any CPU.ActiveCfg = Debug|Any CPU
		{54D11123-F7F6-4FAD-BB02-9F87E1099C01}.Debug|Any CPU.Build.0 = Debug|Any CPU
		{54D11123-F7F6-4FAD-BB02-9F87E1099C01}.Release|Any CPU.ActiveCfg = Release|Any CPU
		{54D11123-F7F6-4FAD-BB02-9F87E1099C01}.Release|Any CPU.Build.0 = Release|Any CPU
		{4F0B3044-8183-4D2E-96FC-2CF8EB06C2C0}.Debug|Any CPU.ActiveCfg = Debug|Any CPU
		{4F0B3044-8183-4D2E-96FC-2CF8EB06C2C0}.Debug|Any CPU.Build.0 = Debug|Any CPU
		{4F0B3044-8183-4D2E-96FC-2CF8EB06C2C0}.Release|Any CPU.ActiveCfg = Release|Any CPU
		{4F0B3044-8183-4D2E-96FC-2CF8EB06C2C0}.Release|Any CPU.Build.0 = Release|Any CPU
		{DBB25DBC-F9D5-4394-8D81-F6115F1C9F58}.Debug|Any CPU.ActiveCfg = Debug|Any CPU
		{DBB25DBC-F9D5-4394-8D81-F6115F1C9F58}.Debug|Any CPU.Build.0 = Debug|Any CPU
		{DBB25DBC-F9D5-4394-8D81-F6115F1C9F58}.Release|Any CPU.ActiveCfg = Release|Any CPU
		{DBB25DBC-F9D5-4394-8D81-F6115F1C9F58}.Release|Any CPU.Build.0 = Release|Any CPU
		{50C916E9-492C-4387-BE42-C04A5FD0BAC8}.Debug|Any CPU.ActiveCfg = Debug|Any CPU
		{50C916E9-492C-4387-BE42-C04A5FD0BAC8}.Debug|Any CPU.Build.0 = Debug|Any CPU
		{50C916E9-492C-4387-BE42-C04A5FD0BAC8}.Release|Any CPU.ActiveCfg = Release|Any CPU
		{50C916E9-492C-4387-BE42-C04A5FD0BAC8}.Release|Any CPU.Build.0 = Release|Any CPU
		{F013B3D7-B6C2-49AE-A881-C60EAE846C62}.Debug|Any CPU.ActiveCfg = Debug|Any CPU
		{F013B3D7-B6C2-49AE-A881-C60EAE846C62}.Debug|Any CPU.Build.0 = Debug|Any CPU
		{F013B3D7-B6C2-49AE-A881-C60EAE846C62}.Release|Any CPU.ActiveCfg = Release|Any CPU
		{F013B3D7-B6C2-49AE-A881-C60EAE846C62}.Release|Any CPU.Build.0 = Release|Any CPU
		{35343C4E-9764-46F5-B6EA-8D881B753DDE}.Debug|Any CPU.ActiveCfg = Debug|Any CPU
		{35343C4E-9764-46F5-B6EA-8D881B753DDE}.Debug|Any CPU.Build.0 = Debug|Any CPU
		{35343C4E-9764-46F5-B6EA-8D881B753DDE}.Release|Any CPU.ActiveCfg = Release|Any CPU
		{35343C4E-9764-46F5-B6EA-8D881B753DDE}.Release|Any CPU.Build.0 = Release|Any CPU
		{25820705-4A3D-4B29-A5FA-512E165B14CE}.Debug|Any CPU.ActiveCfg = Debug|Any CPU
		{25820705-4A3D-4B29-A5FA-512E165B14CE}.Debug|Any CPU.Build.0 = Debug|Any CPU
		{25820705-4A3D-4B29-A5FA-512E165B14CE}.Release|Any CPU.ActiveCfg = Release|Any CPU
		{25820705-4A3D-4B29-A5FA-512E165B14CE}.Release|Any CPU.Build.0 = Release|Any CPU
		{CB822282-BD6F-439A-A33E-ECB0D9A0FCE3}.Debug|Any CPU.ActiveCfg = Debug|Any CPU
		{CB822282-BD6F-439A-A33E-ECB0D9A0FCE3}.Debug|Any CPU.Build.0 = Debug|Any CPU
		{CB822282-BD6F-439A-A33E-ECB0D9A0FCE3}.Release|Any CPU.ActiveCfg = Release|Any CPU
		{CB822282-BD6F-439A-A33E-ECB0D9A0FCE3}.Release|Any CPU.Build.0 = Release|Any CPU
		{82652877-FD81-478F-B59E-B13AA4BDAA5B}.Debug|Any CPU.ActiveCfg = Debug|Any CPU
		{82652877-FD81-478F-B59E-B13AA4BDAA5B}.Debug|Any CPU.Build.0 = Debug|Any CPU
		{82652877-FD81-478F-B59E-B13AA4BDAA5B}.Release|Any CPU.ActiveCfg = Release|Any CPU
		{82652877-FD81-478F-B59E-B13AA4BDAA5B}.Release|Any CPU.Build.0 = Release|Any CPU
		{FEC4DE53-8BF4-4F7E-8261-71FC45595EC4}.Debug|Any CPU.ActiveCfg = Debug|Any CPU
		{FEC4DE53-8BF4-4F7E-8261-71FC45595EC4}.Debug|Any CPU.Build.0 = Debug|Any CPU
		{FEC4DE53-8BF4-4F7E-8261-71FC45595EC4}.Release|Any CPU.ActiveCfg = Release|Any CPU
		{FEC4DE53-8BF4-4F7E-8261-71FC45595EC4}.Release|Any CPU.Build.0 = Release|Any CPU
		{707A20F0-BD79-410A-B9DE-BA27DF07E526}.Debug|Any CPU.ActiveCfg = Debug|Any CPU
		{707A20F0-BD79-410A-B9DE-BA27DF07E526}.Debug|Any CPU.Build.0 = Debug|Any CPU
		{707A20F0-BD79-410A-B9DE-BA27DF07E526}.Release|Any CPU.ActiveCfg = Release|Any CPU
		{707A20F0-BD79-410A-B9DE-BA27DF07E526}.Release|Any CPU.Build.0 = Release|Any CPU
		{3C985427-7CA8-49EE-9E57-1CE6938882B9}.Debug|Any CPU.ActiveCfg = Debug|Any CPU
		{3C985427-7CA8-49EE-9E57-1CE6938882B9}.Debug|Any CPU.Build.0 = Debug|Any CPU
		{3C985427-7CA8-49EE-9E57-1CE6938882B9}.Release|Any CPU.ActiveCfg = Release|Any CPU
		{3C985427-7CA8-49EE-9E57-1CE6938882B9}.Release|Any CPU.Build.0 = Release|Any CPU
		{FFEA4149-83C2-4BED-A1CE-7AF12E9B1948}.Debug|Any CPU.ActiveCfg = Debug|Any CPU
		{FFEA4149-83C2-4BED-A1CE-7AF12E9B1948}.Debug|Any CPU.Build.0 = Debug|Any CPU
		{FFEA4149-83C2-4BED-A1CE-7AF12E9B1948}.Release|Any CPU.ActiveCfg = Release|Any CPU
		{FFEA4149-83C2-4BED-A1CE-7AF12E9B1948}.Release|Any CPU.Build.0 = Release|Any CPU
	EndGlobalSection
	GlobalSection(SolutionProperties) = preSolution
		HideSolutionNode = FALSE
	EndGlobalSection
	GlobalSection(ExtensibilityGlobals) = postSolution
		SolutionGuid = {0411B346-0C26-48C4-B867-B2164AB96E7B}
	EndGlobalSection
EndGlobal
