
Microsoft Visual Studio Solution File, Format Version 12.00
# Visual Studio 15
VisualStudioVersion = 15.0.28010.2041
MinimumVisualStudioVersion = 10.0.40219.1
Project("{FAE04EC0-301F-11D3-BF4B-00C04F79EFBC}") = "1_", "1_\1_.csproj", "{3F4A927A-5E95-4A02-9566-139AFFA72088}"
EndProject
Project("{FAE04EC0-301F-11D3-BF4B-00C04F79EFBC}") = "2_", "2_\2_.csproj", "{4D988B4D-7782-4A00-A0C4-F85486413B91}"
EndProject
Project("{FAE04EC0-301F-11D3-BF4B-00C04F79EFBC}") = "3_", "3_\3_.csproj", "{D84C664E-10F1-4943-B345-3890085595B2}"
EndProject
Project("{FAE04EC0-301F-11D3-BF4B-00C04F79EFBC}") = "4_", "4_\4_.csproj", "{CF676EB6-EA1A-4010-AF89-6DD359CCC2FC}"
EndProject
Project("{FAE04EC0-301F-11D3-BF4B-00C04F79EFBC}") = "5_", "5_\5_.csproj", "{8FEEB59C-8619-4370-A2D4-8CAF9217CE3F}"
EndProject
Project("{FAE04EC0-301F-11D3-BF4B-00C04F79EFBC}") = "6_", "6_\6_.csproj", "{D24C7679-BAF1-4472-A237-A95B57DDDB38}"
EndProject
Project("{FAE04EC0-301F-11D3-BF4B-00C04F79EFBC}") = "7_", "7_\7_.csproj", "{CE3F1C24-9945-423D-9A4D-315DE85353CC}"
EndProject
Project("{FAE04EC0-301F-11D3-BF4B-00C04F79EFBC}") = "8_", "8_\8_.csproj", "{3FD6D769-ECF2-499C-944A-5E3E1CB3710D}"
EndProject
Project("{FAE04EC0-301F-11D3-BF4B-00C04F79EFBC}") = "9_", "9_\9_.csproj", "{E6D4BABF-9ED3-4D00-B8C1-0073CF2B2EFB}"
EndProject
Project("{FAE04EC0-301F-11D3-BF4B-00C04F79EFBC}") = "10_", "10_\10_.csproj", "{846F8259-044F-4457-8E70-0317C8BB6524}"
EndProject
Project("{FAE04EC0-301F-11D3-BF4B-00C04F79EFBC}") = "11_", "11_\11_.csproj", "{5A0EF066-A609-4485-8841-85083ECE4FDF}"
EndProject
Project("{FAE04EC0-301F-11D3-BF4B-00C04F79EFBC}") = "12_", "12_\12_.csproj", "{1321FDC4-C115-492F-AC7E-A846C23164E1}"
EndProject
Project("{FAE04EC0-301F-11D3-BF4B-00C04F79EFBC}") = "13_", "13_\13_.csproj", "{4F435117-A8B1-4D4F-B96F-EDE51AC192D4}"
EndProject
Project("{FAE04EC0-301F-11D3-BF4B-00C04F79EFBC}") = "14_", "14_\14_.csproj", "{6F92BE88-81A3-4B1A-8EAD-0542DA56642C}"
EndProject
Project("{FAE04EC0-301F-11D3-BF4B-00C04F79EFBC}") = "15_", "15_\15_.csproj", "{8E610B51-F1D1-4AA8-BCD2-8A24CBDE6BF5}"
EndProject
Project("{FAE04EC0-301F-11D3-BF4B-00C04F79EFBC}") = "16_", "16_\16_.csproj", "{871AF1D2-C636-4698-AB85-7F25C78898AE}"
EndProject
Project("{FAE04EC0-301F-11D3-BF4B-00C04F79EFBC}") = "17_", "17_\17_.csproj", "{DD9BBFF5-0198-4290-8492-AD9A0CF977D0}"
EndProject
Project("{FAE04EC0-301F-11D3-BF4B-00C04F79EFBC}") = "18_", "18_\18_.csproj", "{985B2C9D-5340-4CAD-B07C-0EB959B5AA89}"
EndProject
Global
	GlobalSection(SolutionConfigurationPlatforms) = preSolution
		Debug|Any CPU = Debug|Any CPU
		Release|Any CPU = Release|Any CPU
	EndGlobalSection
	GlobalSection(ProjectConfigurationPlatforms) = postSolution
		{3F4A927A-5E95-4A02-9566-139AFFA72088}.Debug|Any CPU.ActiveCfg = Debug|Any CPU
		{3F4A927A-5E95-4A02-9566-139AFFA72088}.Debug|Any CPU.Build.0 = Debug|Any CPU
		{3F4A927A-5E95-4A02-9566-139AFFA72088}.Release|Any CPU.ActiveCfg = Release|Any CPU
		{3F4A927A-5E95-4A02-9566-139AFFA72088}.Release|Any CPU.Build.0 = Release|Any CPU
		{4D988B4D-7782-4A00-A0C4-F85486413B91}.Debug|Any CPU.ActiveCfg = Debug|Any CPU
		{4D988B4D-7782-4A00-A0C4-F85486413B91}.Debug|Any CPU.Build.0 = Debug|Any CPU
		{4D988B4D-7782-4A00-A0C4-F85486413B91}.Release|Any CPU.ActiveCfg = Release|Any CPU
		{4D988B4D-7782-4A00-A0C4-F85486413B91}.Release|Any CPU.Build.0 = Release|Any CPU
		{D84C664E-10F1-4943-B345-3890085595B2}.Debug|Any CPU.ActiveCfg = Debug|Any CPU
		{D84C664E-10F1-4943-B345-3890085595B2}.Debug|Any CPU.Build.0 = Debug|Any CPU
		{D84C664E-10F1-4943-B345-3890085595B2}.Release|Any CPU.ActiveCfg = Release|Any CPU
		{D84C664E-10F1-4943-B345-3890085595B2}.Release|Any CPU.Build.0 = Release|Any CPU
		{CF676EB6-EA1A-4010-AF89-6DD359CCC2FC}.Debug|Any CPU.ActiveCfg = Debug|Any CPU
		{CF676EB6-EA1A-4010-AF89-6DD359CCC2FC}.Debug|Any CPU.Build.0 = Debug|Any CPU
		{CF676EB6-EA1A-4010-AF89-6DD359CCC2FC}.Release|Any CPU.ActiveCfg = Release|Any CPU
		{CF676EB6-EA1A-4010-AF89-6DD359CCC2FC}.Release|Any CPU.Build.0 = Release|Any CPU
		{8FEEB59C-8619-4370-A2D4-8CAF9217CE3F}.Debug|Any CPU.ActiveCfg = Debug|Any CPU
		{8FEEB59C-8619-4370-A2D4-8CAF9217CE3F}.Debug|Any CPU.Build.0 = Debug|Any CPU
		{8FEEB59C-8619-4370-A2D4-8CAF9217CE3F}.Release|Any CPU.ActiveCfg = Release|Any CPU
		{8FEEB59C-8619-4370-A2D4-8CAF9217CE3F}.Release|Any CPU.Build.0 = Release|Any CPU
		{D24C7679-BAF1-4472-A237-A95B57DDDB38}.Debug|Any CPU.ActiveCfg = Debug|Any CPU
		{D24C7679-BAF1-4472-A237-A95B57DDDB38}.Debug|Any CPU.Build.0 = Debug|Any CPU
		{D24C7679-BAF1-4472-A237-A95B57DDDB38}.Release|Any CPU.ActiveCfg = Release|Any CPU
		{D24C7679-BAF1-4472-A237-A95B57DDDB38}.Release|Any CPU.Build.0 = Release|Any CPU
		{CE3F1C24-9945-423D-9A4D-315DE85353CC}.Debug|Any CPU.ActiveCfg = Debug|Any CPU
		{CE3F1C24-9945-423D-9A4D-315DE85353CC}.Debug|Any CPU.Build.0 = Debug|Any CPU
		{CE3F1C24-9945-423D-9A4D-315DE85353CC}.Release|Any CPU.ActiveCfg = Release|Any CPU
		{CE3F1C24-9945-423D-9A4D-315DE85353CC}.Release|Any CPU.Build.0 = Release|Any CPU
		{3FD6D769-ECF2-499C-944A-5E3E1CB3710D}.Debug|Any CPU.ActiveCfg = Debug|Any CPU
		{3FD6D769-ECF2-499C-944A-5E3E1CB3710D}.Debug|Any CPU.Build.0 = Debug|Any CPU
		{3FD6D769-ECF2-499C-944A-5E3E1CB3710D}.Release|Any CPU.ActiveCfg = Release|Any CPU
		{3FD6D769-ECF2-499C-944A-5E3E1CB3710D}.Release|Any CPU.Build.0 = Release|Any CPU
		{E6D4BABF-9ED3-4D00-B8C1-0073CF2B2EFB}.Debug|Any CPU.ActiveCfg = Debug|Any CPU
		{E6D4BABF-9ED3-4D00-B8C1-0073CF2B2EFB}.Debug|Any CPU.Build.0 = Debug|Any CPU
		{E6D4BABF-9ED3-4D00-B8C1-0073CF2B2EFB}.Release|Any CPU.ActiveCfg = Release|Any CPU
		{E6D4BABF-9ED3-4D00-B8C1-0073CF2B2EFB}.Release|Any CPU.Build.0 = Release|Any CPU
		{846F8259-044F-4457-8E70-0317C8BB6524}.Debug|Any CPU.ActiveCfg = Debug|Any CPU
		{846F8259-044F-4457-8E70-0317C8BB6524}.Debug|Any CPU.Build.0 = Debug|Any CPU
		{846F8259-044F-4457-8E70-0317C8BB6524}.Release|Any CPU.ActiveCfg = Release|Any CPU
		{846F8259-044F-4457-8E70-0317C8BB6524}.Release|Any CPU.Build.0 = Release|Any CPU
		{5A0EF066-A609-4485-8841-85083ECE4FDF}.Debug|Any CPU.ActiveCfg = Debug|Any CPU
		{5A0EF066-A609-4485-8841-85083ECE4FDF}.Debug|Any CPU.Build.0 = Debug|Any CPU
		{5A0EF066-A609-4485-8841-85083ECE4FDF}.Release|Any CPU.ActiveCfg = Release|Any CPU
		{5A0EF066-A609-4485-8841-85083ECE4FDF}.Release|Any CPU.Build.0 = Release|Any CPU
		{1321FDC4-C115-492F-AC7E-A846C23164E1}.Debug|Any CPU.ActiveCfg = Debug|Any CPU
		{1321FDC4-C115-492F-AC7E-A846C23164E1}.Debug|Any CPU.Build.0 = Debug|Any CPU
		{1321FDC4-C115-492F-AC7E-A846C23164E1}.Release|Any CPU.ActiveCfg = Release|Any CPU
		{1321FDC4-C115-492F-AC7E-A846C23164E1}.Release|Any CPU.Build.0 = Release|Any CPU
		{4F435117-A8B1-4D4F-B96F-EDE51AC192D4}.Debug|Any CPU.ActiveCfg = Debug|Any CPU
		{4F435117-A8B1-4D4F-B96F-EDE51AC192D4}.Debug|Any CPU.Build.0 = Debug|Any CPU
		{4F435117-A8B1-4D4F-B96F-EDE51AC192D4}.Release|Any CPU.ActiveCfg = Release|Any CPU
		{4F435117-A8B1-4D4F-B96F-EDE51AC192D4}.Release|Any CPU.Build.0 = Release|Any CPU
		{6F92BE88-81A3-4B1A-8EAD-0542DA56642C}.Debug|Any CPU.ActiveCfg = Debug|Any CPU
		{6F92BE88-81A3-4B1A-8EAD-0542DA56642C}.Debug|Any CPU.Build.0 = Debug|Any CPU
		{6F92BE88-81A3-4B1A-8EAD-0542DA56642C}.Release|Any CPU.ActiveCfg = Release|Any CPU
		{6F92BE88-81A3-4B1A-8EAD-0542DA56642C}.Release|Any CPU.Build.0 = Release|Any CPU
		{8E610B51-F1D1-4AA8-BCD2-8A24CBDE6BF5}.Debug|Any CPU.ActiveCfg = Debug|Any CPU
		{8E610B51-F1D1-4AA8-BCD2-8A24CBDE6BF5}.Debug|Any CPU.Build.0 = Debug|Any CPU
		{8E610B51-F1D1-4AA8-BCD2-8A24CBDE6BF5}.Release|Any CPU.ActiveCfg = Release|Any CPU
		{8E610B51-F1D1-4AA8-BCD2-8A24CBDE6BF5}.Release|Any CPU.Build.0 = Release|Any CPU
		{871AF1D2-C636-4698-AB85-7F25C78898AE}.Debug|Any CPU.ActiveCfg = Debug|Any CPU
		{871AF1D2-C636-4698-AB85-7F25C78898AE}.Debug|Any CPU.Build.0 = Debug|Any CPU
		{871AF1D2-C636-4698-AB85-7F25C78898AE}.Release|Any CPU.ActiveCfg = Release|Any CPU
		{871AF1D2-C636-4698-AB85-7F25C78898AE}.Release|Any CPU.Build.0 = Release|Any CPU
		{DD9BBFF5-0198-4290-8492-AD9A0CF977D0}.Debug|Any CPU.ActiveCfg = Debug|Any CPU
		{DD9BBFF5-0198-4290-8492-AD9A0CF977D0}.Debug|Any CPU.Build.0 = Debug|Any CPU
		{DD9BBFF5-0198-4290-8492-AD9A0CF977D0}.Release|Any CPU.ActiveCfg = Release|Any CPU
		{DD9BBFF5-0198-4290-8492-AD9A0CF977D0}.Release|Any CPU.Build.0 = Release|Any CPU
		{985B2C9D-5340-4CAD-B07C-0EB959B5AA89}.Debug|Any CPU.ActiveCfg = Debug|Any CPU
		{985B2C9D-5340-4CAD-B07C-0EB959B5AA89}.Debug|Any CPU.Build.0 = Debug|Any CPU
		{985B2C9D-5340-4CAD-B07C-0EB959B5AA89}.Release|Any CPU.ActiveCfg = Release|Any CPU
		{985B2C9D-5340-4CAD-B07C-0EB959B5AA89}.Release|Any CPU.Build.0 = Release|Any CPU
	EndGlobalSection
	GlobalSection(SolutionProperties) = preSolution
		HideSolutionNode = FALSE
	EndGlobalSection
	GlobalSection(ExtensibilityGlobals) = postSolution
		SolutionGuid = {3B56957B-63B2-4A07-81DD-AC7776A0A28D}
	EndGlobalSection
EndGlobal
